// !$*UTF8*$!
{
	archiveVersion = 1;
	classes = {
	};
	objectVersion = 50;
	objects = {

/* Begin PBXBuildFile section */
		691E0329262BE6D300D16375 /* AppDelegate.swift in Sources */ = {isa = PBXBuildFile; fileRef = 691E0328262BE6D300D16375 /* AppDelegate.swift */; };
		691E032B262BE6D300D16375 /* SceneDelegate.swift in Sources */ = {isa = PBXBuildFile; fileRef = 691E032A262BE6D300D16375 /* SceneDelegate.swift */; };
		691E0330262BE6D300D16375 /* Main.storyboard in Resources */ = {isa = PBXBuildFile; fileRef = 691E032E262BE6D300D16375 /* Main.storyboard */; };
		691E0332262BE6D400D16375 /* Assets.xcassets in Resources */ = {isa = PBXBuildFile; fileRef = 691E0331262BE6D400D16375 /* Assets.xcassets */; };
		691E0335262BE6D400D16375 /* LaunchScreen.storyboard in Resources */ = {isa = PBXBuildFile; fileRef = 691E0333262BE6D400D16375 /* LaunchScreen.storyboard */; };
		691E033E262BE6E400D16375 /* ViewController.swift in Sources */ = {isa = PBXBuildFile; fileRef = 691E033D262BE6E400D16375 /* ViewController.swift */; };
/* End PBXBuildFile section */

/* Begin PBXFileReference section */
		691E0325262BE6D300D16375 /* AnalogClocks.app */ = {isa = PBXFileReference; explicitFileType = wrapper.application; includeInIndex = 0; path = AnalogClocks.app; sourceTree = BUILT_PRODUCTS_DIR; };
		691E0328262BE6D300D16375 /* AppDelegate.swift */ = {isa = PBXFileReference; lastKnownFileType = sourcecode.swift; path = AppDelegate.swift; sourceTree = "<group>"; };
		691E032A262BE6D300D16375 /* SceneDelegate.swift */ = {isa = PBXFileReference; lastKnownFileType = sourcecode.swift; path = SceneDelegate.swift; sourceTree = "<group>"; };
		691E032F262BE6D300D16375 /* Base */ = {isa = PBXFileReference; lastKnownFileType = file.storyboard; name = Base; path = Base.lproj/Main.storyboard; sourceTree = "<group>"; };
		691E0331262BE6D400D16375 /* Assets.xcassets */ = {isa = PBXFileReference; lastKnownFileType = folder.assetcatalog; path = Assets.xcassets; sourceTree = "<group>"; };
		691E0334262BE6D400D16375 /* Base */ = {isa = PBXFileReference; lastKnownFileType = file.storyboard; name = Base; path = Base.lproj/LaunchScreen.storyboard; sourceTree = "<group>"; };
		691E0336262BE6D400D16375 /* Info.plist */ = {isa = PBXFileReference; lastKnownFileType = text.plist.xml; path = Info.plist; sourceTree = "<group>"; };
		691E033D262BE6E400D16375 /* ViewController.swift */ = {isa = PBXFileReference; fileEncoding = 4; lastKnownFileType = sourcecode.swift; path = ViewController.swift; sourceTree = "<group>"; };
/* End PBXFileReference section */

/* Begin PBXFrameworksBuildPhase section */
		691E0322262BE6D300D16375 /* Frameworks */ = {
			isa = PBXFrameworksBuildPhase;
			buildActionMask = 2147483647;
			files = (
			);
			runOnlyForDeploymentPostprocessing = 0;
		};
/* End PBXFrameworksBuildPhase section */

/* Begin PBXGroup section */
		691E031C262BE6D300D16375 = {
			isa = PBXGroup;
			children = (
				691E0327262BE6D300D16375 /* AnalogClocks */,
				691E0326262BE6D300D16375 /* Products */,
			);
			sourceTree = "<group>";
		};
		691E0326262BE6D300D16375 /* Products */ = {
			isa = PBXGroup;
			children = (
				691E0325262BE6D300D16375 /* AnalogClocks.app */,
			);
			name = Products;
			sourceTree = "<group>";
		};
		691E0327262BE6D300D16375 /* AnalogClocks */ = {
			isa = PBXGroup;
			children = (
				691E0328262BE6D300D16375 /* AppDelegate.swift */,
				691E032A262BE6D300D16375 /* SceneDelegate.swift */,
				691E033D262BE6E400D16375 /* ViewController.swift */,
				691E032E262BE6D300D16375 /* Main.storyboard */,
				691E0331262BE6D400D16375 /* Assets.xcassets */,
				691E0333262BE6D400D16375 /* LaunchScreen.storyboard */,
				691E0336262BE6D400D16375 /* Info.plist */,
			);
			path = AnalogClocks;
			sourceTree = "<group>";
		};
/* End PBXGroup section */

/* Begin PBXNativeTarget section */
		691E0324262BE6D300D16375 /* AnalogClocks */ = {
			isa = PBXNativeTarget;
			buildConfigurationList = 691E0339262BE6D400D16375 /* Build configuration list for PBXNativeTarget "AnalogClocks" */;
			buildPhases = (
				691E0321262BE6D300D16375 /* Sources */,
				691E0322262BE6D300D16375 /* Frameworks */,
				691E0323262BE6D300D16375 /* Resources */,
			);
			buildRules = (
			);
			dependencies = (
			);
			name = AnalogClocks;
			productName = AnalogClocks;
			productReference = 691E0325262BE6D300D16375 /* AnalogClocks.app */;
			productType = "com.apple.product-type.application";
		};
/* End PBXNativeTarget section */

/* Begin PBXProject section */
		691E031D262BE6D300D16375 /* Project object */ = {
			isa = PBXProject;
			attributes = {
				LastSwiftUpdateCheck = 1240;
				LastUpgradeCheck = 1240;
				TargetAttributes = {
					691E0324262BE6D300D16375 = {
						CreatedOnToolsVersion = 12.4;
					};
				};
			};
			buildConfigurationList = 691E0320262BE6D300D16375 /* Build configuration list for PBXProject "AnalogClocks" */;
			compatibilityVersion = "Xcode 9.3";
			developmentRegion = en;
			hasScannedForEncodings = 0;
			knownRegions = (
				en,
				Base,
			);
			mainGroup = 691E031C262BE6D300D16375;
			productRefGroup = 691E0326262BE6D300D16375 /* Products */;
			projectDirPath = "";
			projectRoot = "";
			targets = (
				691E0324262BE6D300D16375 /* AnalogClocks */,
			);
		};
/* End PBXProject section */

/* Begin PBXResourcesBuildPhase section */
		691E0323262BE6D300D16375 /* Resources */ = {
			isa = PBXResourcesBuildPhase;
			buildActionMask = 2147483647;
			files = (
				691E0335262BE6D400D16375 /* LaunchScreen.storyboard in Resources */,
				691E0332262BE6D400D16375 /* Assets.xcassets in Resources */,
				691E0330262BE6D300D16375 /* Main.storyboard in Resources */,
			);
			runOnlyForDeploymentPostprocessing = 0;
		};
/* End PBXResourcesBuildPhase section */

/* Begin PBXSourcesBuildPhase section */
		691E0321262BE6D300D16375 /* Sources */ = {
			isa = PBXSourcesBuildPhase;
			buildActionMask = 2147483647;
			files = (
				691E033E262BE6E400D16375 /* ViewController.swift in Sources */,
				691E0329262BE6D300D16375 /* AppDelegate.swift in Sources */,
				691E032B262BE6D300D16375 /* SceneDelegate.swift in Sources */,
			);
			runOnlyForDeploymentPostprocessing = 0;
		};
/* End PBXSourcesBuildPhase section */

/* Begin PBXVariantGroup section */
		691E032E262BE6D300D16375 /* Main.storyboard */ = {
			isa = PBXVariantGroup;
			children = (
				691E032F262BE6D300D16375 /* Base */,
			);
			name = Main.storyboard;
			sourceTree = "<group>";
		};
		691E0333262BE6D400D16375 /* LaunchScreen.storyboard */ = {
			isa = PBXVariantGroup;
			children = (
				691E0334262BE6D400D16375 /* Base */,
			);
			name = LaunchScreen.storyboard;
			sourceTree = "<group>";
		};
/* End PBXVariantGroup section */

/* Begin XCBuildConfiguration section */
		691E0337262BE6D400D16375 /* Debug */ = {
			isa = XCBuildConfiguration;
			buildSettings = {
				ALWAYS_SEARCH_USER_PATHS = NO;
				CLANG_ANALYZER_NONNULL = YES;
				CLANG_ANALYZER_NUMBER_OBJECT_CONVERSION = YES_AGGRESSIVE;
				CLANG_CXX_LANGUAGE_STANDARD = "gnu++14";
				CLANG_CXX_LIBRARY = "libc++";
				CLANG_ENABLE_MODULES = YES;
				CLANG_ENABLE_OBJC_ARC = YES;
				CLANG_ENABLE_OBJC_WEAK = YES;
				CLANG_WARN_BLOCK_CAPTURE_AUTORELEASING = YES;
				CLANG_WARN_BOOL_CONVERSION = YES;
				CLANG_WARN_COMMA = YES;
				CLANG_WARN_CONSTANT_CONVERSION = YES;
				CLANG_WARN_DEPRECATED_OBJC_IMPLEMENTATIONS = YES;
				CLANG_WARN_DIRECT_OBJC_ISA_USAGE = YES_ERROR;
				CLANG_WARN_DOCUMENTATION_COMMENTS = YES;
				CLANG_WARN_EMPTY_BODY = YES;
				CLANG_WARN_ENUM_CONVERSION = YES;
				CLANG_WARN_INFINITE_RECURSION = YES;
				CLANG_WARN_INT_CONVERSION = YES;
				CLANG_WARN_NON_LITERAL_NULL_CONVERSION = YES;
				CLANG_WARN_OBJC_IMPLICIT_RETAIN_SELF = YES;
				CLANG_WARN_OBJC_LITERAL_CONVERSION = YES;
				CLANG_WARN_OBJC_ROOT_CLASS = YES_ERROR;
				CLANG_WARN_QUOTED_INCLUDE_IN_FRAMEWORK_HEADER = YES;
				CLANG_WARN_RANGE_LOOP_ANALYSIS = YES;
				CLANG_WARN_STRICT_PROTOTYPES = YES;
				CLANG_WARN_SUSPICIOUS_MOVE = YES;
				CLANG_WARN_UNGUARDED_AVAILABILITY = YES_AGGRESSIVE;
				CLANG_WARN_UNREACHABLE_CODE = YES;
				CLANG_WARN__DUPLICATE_METHOD_MATCH = YES;
				COPY_PHASE_STRIP = NO;
				DEBUG_INFORMATION_FORMAT = dwarf;
				ENABLE_STRICT_OBJC_MSGSEND = YES;
				ENABLE_TESTABILITY = YES;
				GCC_C_LANGUAGE_STANDARD = gnu11;
				GCC_DYNAMIC_NO_PIC = NO;
				GCC_NO_COMMON_BLOCKS = YES;
				GCC_OPTIMIZATION_LEVEL = 0;
				GCC_PREPROCESSOR_DEFINITIONS = (
					"DEBUG=1",
					"$(inherited)",
				);
				GCC_WARN_64_TO_32_BIT_CONVERSION = YES;
				GCC_WARN_ABOUT_RETURN_TYPE = YES_ERROR;
				GCC_WARN_UNDECLARED_SELECTOR = YES;
				GCC_WARN_UNINITIALIZED_AUTOS = YES_AGGRESSIVE;
				GCC_WARN_UNUSED_FUNCTION = YES;
				GCC_WARN_UNUSED_VARIABLE = YES;
				IPHONEOS_DEPLOYMENT_TARGET = 14.4;
				MTL_ENABLE_DEBUG_INFO = INCLUDE_SOURCE;
				MTL_FAST_MATH = YES;
				ONLY_ACTIVE_ARCH = YES;
				SDKROOT = iphoneos;
				SWIFT_ACTIVE_COMPILATION_CONDITIONS = DEBUG;
				SWIFT_OPTIMIZATION_LEVEL = "-Onone";
			};
			name = Debug;
		};
		691E0338262BE6D400D16375 /* Release */ = {
			isa = XCBuildConfiguration;
			buildSettings = {
				ALWAYS_SEARCH_USER_PATHS = NO;
				CLANG_ANALYZER_NONNULL = YES;
				CLANG_ANALYZER_NUMBER_OBJECT_CONVERSION = YES_AGGRESSIVE;
				CLANG_CXX_LANGUAGE_STANDARD = "gnu++14";
				CLANG_CXX_LIBRARY = "libc++";
				CLANG_ENABLE_MODULES = YES;
				CLANG_ENABLE_OBJC_ARC = YES;
				CLANG_ENABLE_OBJC_WEAK = YES;
				CLANG_WARN_BLOCK_CAPTURE_AUTORELEASING = YES;
				CLANG_WARN_BOOL_CONVERSION = YES;
				CLANG_WARN_COMMA = YES;
				CLANG_WARN_CONSTANT_CONVERSION = YES;
				CLANG_WARN_DEPRECATED_OBJC_IMPLEMENTATIONS = YES;
				CLANG_WARN_DIRECT_OBJC_ISA_USAGE = YES_ERROR;
				CLANG_WARN_DOCUMENTATION_COMMENTS = YES;
				CLANG_WARN_EMPTY_BODY = YES;
				CLANG_WARN_ENUM_CONVERSION = YES;
				CLANG_WARN_INFINITE_RECURSION = YES;
				CLANG_WARN_INT_CONVERSION = YES;
				CLANG_WARN_NON_LITERAL_NULL_CONVERSION = YES;
				CLANG_WARN_OBJC_IMPLICIT_RETAIN_SELF = YES;
				CLANG_WARN_OBJC_LITERAL_CONVERSION = YES;
				CLANG_WARN_OBJC_ROOT_CLASS = YES_ERROR;
				CLANG_WARN_QUOTED_INCLUDE_IN_FRAMEWORK_HEADER = YES;
				CLANG_WARN_RANGE_LOOP_ANALYSIS = YES;
				CLANG_WARN_STRICT_PROTOTYPES = YES;
				CLANG_WARN_SUSPICIOUS_MOVE = YES;
				CLANG_WARN_UNGUARDED_AVAILABILITY = YES_AGGRESSIVE;
				CLANG_WARN_UNREACHABLE_CODE = YES;
				CLANG_WARN__DUPLICATE_METHOD_MATCH = YES;
				COPY_PHASE_STRIP = NO;
				DEBUG_INFORMATION_FORMAT = "dwarf-with-dsym";
				ENABLE_NS_ASSERTIONS = NO;
				ENABLE_STRICT_OBJC_MSGSEND = YES;
				GCC_C_LANGUAGE_STANDARD = gnu11;
				GCC_NO_COMMON_BLOCKS = YES;
				GCC_WARN_64_TO_32_BIT_CONVERSION = YES;
				GCC_WARN_ABOUT_RETURN_TYPE = YES_ERROR;
				GCC_WARN_UNDECLARED_SELECTOR = YES;
				GCC_WARN_UNINITIALIZED_AUTOS = YES_AGGRESSIVE;
				GCC_WARN_UNUSED_FUNCTION = YES;
				GCC_WARN_UNUSED_VARIABLE = YES;
				IPHONEOS_DEPLOYMENT_TARGET = 14.4;
				MTL_ENABLE_DEBUG_INFO = NO;
				MTL_FAST_MATH = YES;
				SDKROOT = iphoneos;
				SWIFT_COMPILATION_MODE = wholemodule;
				SWIFT_OPTIMIZATION_LEVEL = "-O";
				VALIDATE_PRODUCT = YES;
			};
			name = Release;
		};
		691E033A262BE6D400D16375 /* Debug */ = {
			isa = XCBuildConfiguration;
			buildSettings = {
				ASSETCATALOG_COMPILER_APPICON_NAME = AppIcon;
				ASSETCATALOG_COMPILER_GLOBAL_ACCENT_COLOR_NAME = AccentColor;
				CODE_SIGN_STYLE = Automatic;
				INFOPLIST_FILE = AnalogClocks/Info.plist;
				LD_RUNPATH_SEARCH_PATHS = (
					"$(inherited)",
					"@executable_path/Frameworks",
				);
				PRODUCT_BUNDLE_IDENTIFIER = com.baazviru.AnalogClocks;
				PRODUCT_NAME = "$(TARGET_NAME)";
				SWIFT_VERSION = 5.0;
				TARGETED_DEVICE_FAMILY = "1,2";
			};
			name = Debug;
		};
		691E033B262BE6D400D16375 /* Release */ = {
			isa = XCBuildConfiguration;
			buildSettings = {
				ASSETCATALOG_COMPILER_APPICON_NAME = AppIcon;
				ASSETCATALOG_COMPILER_GLOBAL_ACCENT_COLOR_NAME = AccentColor;
				CODE_SIGN_STYLE = Automatic;
				INFOPLIST_FILE = AnalogClocks/Info.plist;
				LD_RUNPATH_SEARCH_PATHS = (
					"$(inherited)",
					"@executable_path/Frameworks",
				);
				PRODUCT_BUNDLE_IDENTIFIER = com.baazviru.AnalogClocks;
				PRODUCT_NAME = "$(TARGET_NAME)";
				SWIFT_VERSION = 5.0;
				TARGETED_DEVICE_FAMILY = "1,2";
			};
			name = Release;
		};
/* End XCBuildConfiguration section */

/* Begin XCConfigurationList section */
		691E0320262BE6D300D16375 /* Build configuration list for PBXProject "AnalogClocks" */ = {
			isa = XCConfigurationList;
			buildConfigurations = (
				691E0337262BE6D400D16375 /* Debug */,
				691E0338262BE6D400D16375 /* Release */,
			);
			defaultConfigurationIsVisible = 0;
			defaultConfigurationName = Release;
		};
		691E0339262BE6D400D16375 /* Build configuration list for PBXNativeTarget "AnalogClocks" */ = {
			isa = XCConfigurationList;
			buildConfigurations = (
				691E033A262BE6D400D16375 /* Debug */,
				691E033B262BE6D400D16375 /* Release */,
			);
			defaultConfigurationIsVisible = 0;
			defaultConfigurationName = Release;
		};
/* End XCConfigurationList section */
	};
	rootObject = 691E031D262BE6D300D16375 /* Project object */;
}
